
Microsoft Visual Studio Solution File, Format Version 12.00
# Visual Studio Version 17
VisualStudioVersion = 17.4.33403.182
MinimumVisualStudioVersion = 10.0.40219.1
Project("{FAE04EC0-301F-11D3-BF4B-00C04F79EFBC}") = "CountMaterials", "CountMaterials.csproj", "{EB163C6D-9D8E-4A66-84B1-C96AE496438F}"
EndProject
Project("{FAE04EC0-301F-11D3-BF4B-00C04F79EFBC}") = "WSUniversalLibTesting", "..\WSUniversalLibTesting\WSUniversalLibTesting.csproj", "{C75CB02F-6A2B-46F3-8A3A-66CE9AAA70AB}"
EndProject
Global
	GlobalSection(SolutionConfigurationPlatforms) = preSolution
		Debug|Any CPU = Debug|Any CPU
		Release|Any CPU = Release|Any CPU
	EndGlobalSection
	GlobalSection(ProjectConfigurationPlatforms) = postSolution
		{EB163C6D-9D8E-4A66-84B1-C96AE496438F}.Debug|Any CPU.ActiveCfg = Debug|Any CPU
		{EB163C6D-9D8E-4A66-84B1-C96AE496438F}.Debug|Any CPU.Build.0 = Debug|Any CPU
		{EB163C6D-9D8E-4A66-84B1-C96AE496438F}.Release|Any CPU.ActiveCfg = Release|Any CPU
		{EB163C6D-9D8E-4A66-84B1-C96AE496438F}.Release|Any CPU.Build.0 = Release|Any CPU
		{C75CB02F-6A2B-46F3-8A3A-66CE9AAA70AB}.Debug|Any CPU.ActiveCfg = Debug|Any CPU
		{C75CB02F-6A2B-46F3-8A3A-66CE9AAA70AB}.Debug|Any CPU.Build.0 = Debug|Any CPU
		{C75CB02F-6A2B-46F3-8A3A-66CE9AAA70AB}.Release|Any CPU.ActiveCfg = Release|Any CPU
		{C75CB02F-6A2B-46F3-8A3A-66CE9AAA70AB}.Release|Any CPU.Build.0 = Release|Any CPU
	EndGlobalSection
	GlobalSection(SolutionProperties) = preSolution
		HideSolutionNode = FALSE
	EndGlobalSection
	GlobalSection(ExtensibilityGlobals) = postSolution
		SolutionGuid = {8B66EAF1-2ABD-48C9-835A-458D32A61497}
	EndGlobalSection
EndGlobal
